{
  "name": "@crossfish/commands",
  "version": "1.0.0",
  "lockfileVersion": 3,
  "requires": true,
  "packages": {
    "": {
      "name": "@crossfish/commands",
      "version": "1.0.0",
      "license": "GPL-2.0",
      "dependencies": {
        "discord-api-types": "^0.37.48"
      }
    },
    "node_modules/discord-api-types": {
      "version": "0.37.48",
      "resolved": "https://registry.npmjs.org/discord-api-types/-/discord-api-types-0.37.48.tgz",
      "integrity": "sha512-vu2NQJD7SZRjpKDC2DPNsxTz34KS53OrotA+LGRW6mcyT55Hjqu66aRrouzjYhea7tllL9I7rvWVX7bg3aT2AQ=="
    }
  }
}
